// !$*UTF8*$!
{
	archiveVersion = 1;
	classes = {
	};
	objectVersion = 55;
	objects = {

/* Begin PBXBuildFile section */
		13072A27288404600005A626 /* Offer.swift in Sources */ = {isa = PBXBuildFile; fileRef = 13072A26288404600005A626 /* Offer.swift */; };
		13072A29288414BE0005A626 /* OfferPage.swift in Sources */ = {isa = PBXBuildFile; fileRef = 13072A28288414BE0005A626 /* OfferPage.swift */; };
		13072A2F28841EE30005A626 /* MenuPage.swift in Sources */ = {isa = PBXBuildFile; fileRef = 13072A2E28841EE30005A626 /* MenuPage.swift */; };
		13072A3128841EEB0005A626 /* OrdersPage.swift in Sources */ = {isa = PBXBuildFile; fileRef = 13072A3028841EEB0005A626 /* OrdersPage.swift */; };
		13072A3328841EF10005A626 /* InfoPage.swift in Sources */ = {isa = PBXBuildFile; fileRef = 13072A3228841EF10005A626 /* InfoPage.swift */; };
		13072A3528841FCB0005A626 /* ProductItem.swift in Sources */ = {isa = PBXBuildFile; fileRef = 13072A3428841FCB0005A626 /* ProductItem.swift */; };
		13072A37288421680005A626 /* DetailPage.swift in Sources */ = {isa = PBXBuildFile; fileRef = 13072A36288421680005A626 /* DetailPage.swift */; };
		13072A3A288423830005A626 /* Category.swift in Sources */ = {isa = PBXBuildFile; fileRef = 13072A39288423830005A626 /* Category.swift */; };
		13072A3C2884238F0005A626 /* Product.swift in Sources */ = {isa = PBXBuildFile; fileRef = 13072A3B2884238F0005A626 /* Product.swift */; };
		13072A3E2884279E0005A626 /* MenuManager.swift in Sources */ = {isa = PBXBuildFile; fileRef = 13072A3D2884279E0005A626 /* MenuManager.swift */; };
		13072A40288427B30005A626 /* CartManager.swift in Sources */ = {isa = PBXBuildFile; fileRef = 13072A3F288427B30005A626 /* CartManager.swift */; };
		13072A4228842E920005A626 /* OrderItem.swift in Sources */ = {isa = PBXBuildFile; fileRef = 13072A4128842E920005A626 /* OrderItem.swift */; };
		13072A45288430FB0005A626 /* Alamofire in Frameworks */ = {isa = PBXBuildFile; productRef = 13072A44288430FB0005A626 /* Alamofire */; };
		13DA0912287D6F3F0090A149 /* CoffeeMastersApp.swift in Sources */ = {isa = PBXBuildFile; fileRef = 13DA0911287D6F3F0090A149 /* CoffeeMastersApp.swift */; };
		13DA0914287D6F3F0090A149 /* ContentView.swift in Sources */ = {isa = PBXBuildFile; fileRef = 13DA0913287D6F3F0090A149 /* ContentView.swift */; };
		13DA0916287D6F420090A149 /* Assets.xcassets in Resources */ = {isa = PBXBuildFile; fileRef = 13DA0915287D6F420090A149 /* Assets.xcassets */; };
		13DA0919287D6F420090A149 /* Preview Assets.xcassets in Resources */ = {isa = PBXBuildFile; fileRef = 13DA0918287D6F420090A149 /* Preview Assets.xcassets */; };
/* End PBXBuildFile section */

/* Begin PBXFileReference section */
		13072A26288404600005A626 /* Offer.swift */ = {isa = PBXFileReference; lastKnownFileType = sourcecode.swift; path = Offer.swift; sourceTree = "<group>"; };
		13072A28288414BE0005A626 /* OfferPage.swift */ = {isa = PBXFileReference; lastKnownFileType = sourcecode.swift; path = OfferPage.swift; sourceTree = "<group>"; };
		13072A2E28841EE30005A626 /* MenuPage.swift */ = {isa = PBXFileReference; lastKnownFileType = sourcecode.swift; path = MenuPage.swift; sourceTree = "<group>"; };
		13072A3028841EEB0005A626 /* OrdersPage.swift */ = {isa = PBXFileReference; lastKnownFileType = sourcecode.swift; path = OrdersPage.swift; sourceTree = "<group>"; };
		13072A3228841EF10005A626 /* InfoPage.swift */ = {isa = PBXFileReference; lastKnownFileType = sourcecode.swift; path = InfoPage.swift; sourceTree = "<group>"; };
		13072A3428841FCB0005A626 /* ProductItem.swift */ = {isa = PBXFileReference; lastKnownFileType = sourcecode.swift; path = ProductItem.swift; sourceTree = "<group>"; };
		13072A36288421680005A626 /* DetailPage.swift */ = {isa = PBXFileReference; lastKnownFileType = sourcecode.swift; path = DetailPage.swift; sourceTree = "<group>"; };
		13072A39288423830005A626 /* Category.swift */ = {isa = PBXFileReference; lastKnownFileType = sourcecode.swift; path = Category.swift; sourceTree = "<group>"; };
		13072A3B2884238F0005A626 /* Product.swift */ = {isa = PBXFileReference; lastKnownFileType = sourcecode.swift; path = Product.swift; sourceTree = "<group>"; };
		13072A3D2884279E0005A626 /* MenuManager.swift */ = {isa = PBXFileReference; lastKnownFileType = sourcecode.swift; path = MenuManager.swift; sourceTree = "<group>"; };
		13072A3F288427B30005A626 /* CartManager.swift */ = {isa = PBXFileReference; lastKnownFileType = sourcecode.swift; path = CartManager.swift; sourceTree = "<group>"; };
		13072A4128842E920005A626 /* OrderItem.swift */ = {isa = PBXFileReference; lastKnownFileType = sourcecode.swift; path = OrderItem.swift; sourceTree = "<group>"; };
		13DA090E287D6F3F0090A149 /* CoffeeMasters.app */ = {isa = PBXFileReference; explicitFileType = wrapper.application; includeInIndex = 0; path = CoffeeMasters.app; sourceTree = BUILT_PRODUCTS_DIR; };
		13DA0911287D6F3F0090A149 /* CoffeeMastersApp.swift */ = {isa = PBXFileReference; lastKnownFileType = sourcecode.swift; path = CoffeeMastersApp.swift; sourceTree = "<group>"; };
		13DA0913287D6F3F0090A149 /* ContentView.swift */ = {isa = PBXFileReference; lastKnownFileType = sourcecode.swift; path = ContentView.swift; sourceTree = "<group>"; };
		13DA0915287D6F420090A149 /* Assets.xcassets */ = {isa = PBXFileReference; lastKnownFileType = folder.assetcatalog; path = Assets.xcassets; sourceTree = "<group>"; };
		13DA0918287D6F420090A149 /* Preview Assets.xcassets */ = {isa = PBXFileReference; lastKnownFileType = folder.assetcatalog; path = "Preview Assets.xcassets"; sourceTree = "<group>"; };
/* End PBXFileReference section */

/* Begin PBXFrameworksBuildPhase section */
		13DA090B287D6F3F0090A149 /* Frameworks */ = {
			isa = PBXFrameworksBuildPhase;
			buildActionMask = 2147483647;
			files = (
				13072A45288430FB0005A626 /* Alamofire in Frameworks */,
			);
			runOnlyForDeploymentPostprocessing = 0;
		};
/* End PBXFrameworksBuildPhase section */

/* Begin PBXGroup section */
		13072A2B28841E6A0005A626 /* Page Views */ = {
			isa = PBXGroup;
			children = (
				13072A28288414BE0005A626 /* OfferPage.swift */,
				13072A2E28841EE30005A626 /* MenuPage.swift */,
				13072A3028841EEB0005A626 /* OrdersPage.swift */,
				13072A3228841EF10005A626 /* InfoPage.swift */,
				13072A36288421680005A626 /* DetailPage.swift */,
			);
			path = "Page Views";
			sourceTree = "<group>";
		};
		13072A2D28841E940005A626 /* Views */ = {
			isa = PBXGroup;
			children = (
				13072A26288404600005A626 /* Offer.swift */,
				13072A3428841FCB0005A626 /* ProductItem.swift */,
				13072A4128842E920005A626 /* OrderItem.swift */,
			);
			path = Views;
			sourceTree = "<group>";
		};
		13072A382884236D0005A626 /* Models */ = {
			isa = PBXGroup;
			children = (
				13072A39288423830005A626 /* Category.swift */,
				13072A3B2884238F0005A626 /* Product.swift */,
				13072A3D2884279E0005A626 /* MenuManager.swift */,
				13072A3F288427B30005A626 /* CartManager.swift */,
			);
			path = Models;
			sourceTree = "<group>";
		};
		13DA0905287D6F3F0090A149 = {
			isa = PBXGroup;
			children = (
				13DA0910287D6F3F0090A149 /* CoffeeMasters */,
				13DA090F287D6F3F0090A149 /* Products */,
			);
			sourceTree = "<group>";
		};
		13DA090F287D6F3F0090A149 /* Products */ = {
			isa = PBXGroup;
			children = (
				13DA090E287D6F3F0090A149 /* CoffeeMasters.app */,
			);
			name = Products;
			sourceTree = "<group>";
		};
		13DA0910287D6F3F0090A149 /* CoffeeMasters */ = {
			isa = PBXGroup;
			children = (
				13072A382884236D0005A626 /* Models */,
				13072A2D28841E940005A626 /* Views */,
				13072A2B28841E6A0005A626 /* Page Views */,
				13DA0911287D6F3F0090A149 /* CoffeeMastersApp.swift */,
				13DA0913287D6F3F0090A149 /* ContentView.swift */,
				13DA0915287D6F420090A149 /* Assets.xcassets */,
				13DA0917287D6F420090A149 /* Preview Content */,
			);
			path = CoffeeMasters;
			sourceTree = "<group>";
		};
		13DA0917287D6F420090A149 /* Preview Content */ = {
			isa = PBXGroup;
			children = (
				13DA0918287D6F420090A149 /* Preview Assets.xcassets */,
			);
			path = "Preview Content";
			sourceTree = "<group>";
		};
/* End PBXGroup section */

/* Begin PBXNativeTarget section */
		13DA090D287D6F3F0090A149 /* CoffeeMasters */ = {
			isa = PBXNativeTarget;
			buildConfigurationList = 13DA091C287D6F420090A149 /* Build configuration list for PBXNativeTarget "CoffeeMasters" */;
			buildPhases = (
				13DA090A287D6F3F0090A149 /* Sources */,
				13DA090B287D6F3F0090A149 /* Frameworks */,
				13DA090C287D6F3F0090A149 /* Resources */,
			);
			buildRules = (
			);
			dependencies = (
			);
			name = CoffeeMasters;
			packageProductDependencies = (
				13072A44288430FB0005A626 /* Alamofire */,
			);
			productName = CoffeeMasters;
			productReference = 13DA090E287D6F3F0090A149 /* CoffeeMasters.app */;
			productType = "com.apple.product-type.application";
		};
/* End PBXNativeTarget section */

/* Begin PBXProject section */
		13DA0906287D6F3F0090A149 /* Project object */ = {
			isa = PBXProject;
			attributes = {
				BuildIndependentTargetsInParallel = 1;
				LastSwiftUpdateCheck = 1320;
				LastUpgradeCheck = 1320;
				TargetAttributes = {
					13DA090D287D6F3F0090A149 = {
						CreatedOnToolsVersion = 13.2.1;
					};
				};
			};
			buildConfigurationList = 13DA0909287D6F3F0090A149 /* Build configuration list for PBXProject "CoffeeMasters" */;
			compatibilityVersion = "Xcode 13.0";
			developmentRegion = en;
			hasScannedForEncodings = 0;
			knownRegions = (
				en,
				Base,
			);
			mainGroup = 13DA0905287D6F3F0090A149;
			packageReferences = (
				13072A43288430FB0005A626 /* XCRemoteSwiftPackageReference "Alamofire" */,
			);
			productRefGroup = 13DA090F287D6F3F0090A149 /* Products */;
			projectDirPath = "";
			projectRoot = "";
			targets = (
				13DA090D287D6F3F0090A149 /* CoffeeMasters */,
			);
		};
/* End PBXProject section */

/* Begin PBXResourcesBuildPhase section */
		13DA090C287D6F3F0090A149 /* Resources */ = {
			isa = PBXResourcesBuildPhase;
			buildActionMask = 2147483647;
			files = (
				13DA0919287D6F420090A149 /* Preview Assets.xcassets in Resources */,
				13DA0916287D6F420090A149 /* Assets.xcassets in Resources */,
			);
			runOnlyForDeploymentPostprocessing = 0;
		};
/* End PBXResourcesBuildPhase section */

/* Begin PBXSourcesBuildPhase section */
		13DA090A287D6F3F0090A149 /* Sources */ = {
			isa = PBXSourcesBuildPhase;
			buildActionMask = 2147483647;
			files = (
				13072A3E2884279E0005A626 /* MenuManager.swift in Sources */,
				13072A40288427B30005A626 /* CartManager.swift in Sources */,
				13072A27288404600005A626 /* Offer.swift in Sources */,
				13072A3A288423830005A626 /* Category.swift in Sources */,
				13072A29288414BE0005A626 /* OfferPage.swift in Sources */,
				13072A2F28841EE30005A626 /* MenuPage.swift in Sources */,
				13072A3328841EF10005A626 /* InfoPage.swift in Sources */,
				13072A3C2884238F0005A626 /* Product.swift in Sources */,
				13072A3528841FCB0005A626 /* ProductItem.swift in Sources */,
				13072A4228842E920005A626 /* OrderItem.swift in Sources */,
				13DA0914287D6F3F0090A149 /* ContentView.swift in Sources */,
				13072A37288421680005A626 /* DetailPage.swift in Sources */,
				13072A3128841EEB0005A626 /* OrdersPage.swift in Sources */,
				13DA0912287D6F3F0090A149 /* CoffeeMastersApp.swift in Sources */,
			);
			runOnlyForDeploymentPostprocessing = 0;
		};
/* End PBXSourcesBuildPhase section */

/* Begin XCBuildConfiguration section */
		13DA091A287D6F420090A149 /* Debug */ = {
			isa = XCBuildConfiguration;
			buildSettings = {
				ALWAYS_SEARCH_USER_PATHS = NO;
				CLANG_ANALYZER_NONNULL = YES;
				CLANG_ANALYZER_NUMBER_OBJECT_CONVERSION = YES_AGGRESSIVE;
				CLANG_CXX_LANGUAGE_STANDARD = "gnu++17";
				CLANG_CXX_LIBRARY = "libc++";
				CLANG_ENABLE_MODULES = YES;
				CLANG_ENABLE_OBJC_ARC = YES;
				CLANG_ENABLE_OBJC_WEAK = YES;
				CLANG_WARN_BLOCK_CAPTURE_AUTORELEASING = YES;
				CLANG_WARN_BOOL_CONVERSION = YES;
				CLANG_WARN_COMMA = YES;
				CLANG_WARN_CONSTANT_CONVERSION = YES;
				CLANG_WARN_DEPRECATED_OBJC_IMPLEMENTATIONS = YES;
				CLANG_WARN_DIRECT_OBJC_ISA_USAGE = YES_ERROR;
				CLANG_WARN_DOCUMENTATION_COMMENTS = YES;
				CLANG_WARN_EMPTY_BODY = YES;
				CLANG_WARN_ENUM_CONVERSION = YES;
				CLANG_WARN_INFINITE_RECURSION = YES;
				CLANG_WARN_INT_CONVERSION = YES;
				CLANG_WARN_NON_LITERAL_NULL_CONVERSION = YES;
				CLANG_WARN_OBJC_IMPLICIT_RETAIN_SELF = YES;
				CLANG_WARN_OBJC_LITERAL_CONVERSION = YES;
				CLANG_WARN_OBJC_ROOT_CLASS = YES_ERROR;
				CLANG_WARN_QUOTED_INCLUDE_IN_FRAMEWORK_HEADER = YES;
				CLANG_WARN_RANGE_LOOP_ANALYSIS = YES;
				CLANG_WARN_STRICT_PROTOTYPES = YES;
				CLANG_WARN_SUSPICIOUS_MOVE = YES;
				CLANG_WARN_UNGUARDED_AVAILABILITY = YES_AGGRESSIVE;
				CLANG_WARN_UNREACHABLE_CODE = YES;
				CLANG_WARN__DUPLICATE_METHOD_MATCH = YES;
				COPY_PHASE_STRIP = NO;
				DEBUG_INFORMATION_FORMAT = dwarf;
				ENABLE_STRICT_OBJC_MSGSEND = YES;
				ENABLE_TESTABILITY = YES;
				GCC_C_LANGUAGE_STANDARD = gnu11;
				GCC_DYNAMIC_NO_PIC = NO;
				GCC_NO_COMMON_BLOCKS = YES;
				GCC_OPTIMIZATION_LEVEL = 0;
				GCC_PREPROCESSOR_DEFINITIONS = (
					"DEBUG=1",
					"$(inherited)",
				);
				GCC_WARN_64_TO_32_BIT_CONVERSION = YES;
				GCC_WARN_ABOUT_RETURN_TYPE = YES_ERROR;
				GCC_WARN_UNDECLARED_SELECTOR = YES;
				GCC_WARN_UNINITIALIZED_AUTOS = YES_AGGRESSIVE;
				GCC_WARN_UNUSED_FUNCTION = YES;
				GCC_WARN_UNUSED_VARIABLE = YES;
				IPHONEOS_DEPLOYMENT_TARGET = 15.2;
				MTL_ENABLE_DEBUG_INFO = INCLUDE_SOURCE;
				MTL_FAST_MATH = YES;
				ONLY_ACTIVE_ARCH = YES;
				SDKROOT = iphoneos;
				SWIFT_ACTIVE_COMPILATION_CONDITIONS = DEBUG;
				SWIFT_OPTIMIZATION_LEVEL = "-Onone";
			};
			name = Debug;
		};
		13DA091B287D6F420090A149 /* Release */ = {
			isa = XCBuildConfiguration;
			buildSettings = {
				ALWAYS_SEARCH_USER_PATHS = NO;
				CLANG_ANALYZER_NONNULL = YES;
				CLANG_ANALYZER_NUMBER_OBJECT_CONVERSION = YES_AGGRESSIVE;
				CLANG_CXX_LANGUAGE_STANDARD = "gnu++17";
				CLANG_CXX_LIBRARY = "libc++";
				CLANG_ENABLE_MODULES = YES;
				CLANG_ENABLE_OBJC_ARC = YES;
				CLANG_ENABLE_OBJC_WEAK = YES;
				CLANG_WARN_BLOCK_CAPTURE_AUTORELEASING = YES;
				CLANG_WARN_BOOL_CONVERSION = YES;
				CLANG_WARN_COMMA = YES;
				CLANG_WARN_CONSTANT_CONVERSION = YES;
				CLANG_WARN_DEPRECATED_OBJC_IMPLEMENTATIONS = YES;
				CLANG_WARN_DIRECT_OBJC_ISA_USAGE = YES_ERROR;
				CLANG_WARN_DOCUMENTATION_COMMENTS = YES;
				CLANG_WARN_EMPTY_BODY = YES;
				CLANG_WARN_ENUM_CONVERSION = YES;
				CLANG_WARN_INFINITE_RECURSION = YES;
				CLANG_WARN_INT_CONVERSION = YES;
				CLANG_WARN_NON_LITERAL_NULL_CONVERSION = YES;
				CLANG_WARN_OBJC_IMPLICIT_RETAIN_SELF = YES;
				CLANG_WARN_OBJC_LITERAL_CONVERSION = YES;
				CLANG_WARN_OBJC_ROOT_CLASS = YES_ERROR;
				CLANG_WARN_QUOTED_INCLUDE_IN_FRAMEWORK_HEADER = YES;
				CLANG_WARN_RANGE_LOOP_ANALYSIS = YES;
				CLANG_WARN_STRICT_PROTOTYPES = YES;
				CLANG_WARN_SUSPICIOUS_MOVE = YES;
				CLANG_WARN_UNGUARDED_AVAILABILITY = YES_AGGRESSIVE;
				CLANG_WARN_UNREACHABLE_CODE = YES;
				CLANG_WARN__DUPLICATE_METHOD_MATCH = YES;
				COPY_PHASE_STRIP = NO;
				DEBUG_INFORMATION_FORMAT = "dwarf-with-dsym";
				ENABLE_NS_ASSERTIONS = NO;
				ENABLE_STRICT_OBJC_MSGSEND = YES;
				GCC_C_LANGUAGE_STANDARD = gnu11;
				GCC_NO_COMMON_BLOCKS = YES;
				GCC_WARN_64_TO_32_BIT_CONVERSION = YES;
				GCC_WARN_ABOUT_RETURN_TYPE = YES_ERROR;
				GCC_WARN_UNDECLARED_SELECTOR = YES;
				GCC_WARN_UNINITIALIZED_AUTOS = YES_AGGRESSIVE;
				GCC_WARN_UNUSED_FUNCTION = YES;
				GCC_WARN_UNUSED_VARIABLE = YES;
				IPHONEOS_DEPLOYMENT_TARGET = 15.2;
				MTL_ENABLE_DEBUG_INFO = NO;
				MTL_FAST_MATH = YES;
				SDKROOT = iphoneos;
				SWIFT_COMPILATION_MODE = wholemodule;
				SWIFT_OPTIMIZATION_LEVEL = "-O";
				VALIDATE_PRODUCT = YES;
			};
			name = Release;
		};
		13DA091D287D6F420090A149 /* Debug */ = {
			isa = XCBuildConfiguration;
			buildSettings = {
				ASSETCATALOG_COMPILER_APPICON_NAME = AppIcon;
				ASSETCATALOG_COMPILER_GLOBAL_ACCENT_COLOR_NAME = AccentColor;
				CODE_SIGN_STYLE = Automatic;
				CURRENT_PROJECT_VERSION = 1;
				DEVELOPMENT_ASSET_PATHS = "\"CoffeeMasters/Preview Content\"";
				DEVELOPMENT_TEAM = J2R8369RD3;
				ENABLE_PREVIEWS = YES;
				GENERATE_INFOPLIST_FILE = YES;
				INFOPLIST_KEY_UIApplicationSceneManifest_Generation = YES;
				INFOPLIST_KEY_UIApplicationSupportsIndirectInputEvents = YES;
				INFOPLIST_KEY_UILaunchScreen_Generation = YES;
				INFOPLIST_KEY_UISupportedInterfaceOrientations_iPad = "UIInterfaceOrientationPortrait UIInterfaceOrientationPortraitUpsideDown UIInterfaceOrientationLandscapeLeft UIInterfaceOrientationLandscapeRight";
				INFOPLIST_KEY_UISupportedInterfaceOrientations_iPhone = "UIInterfaceOrientationPortrait UIInterfaceOrientationLandscapeLeft UIInterfaceOrientationLandscapeRight";
				LD_RUNPATH_SEARCH_PATHS = (
					"$(inherited)",
					"@executable_path/Frameworks",
				);
				MARKETING_VERSION = 1.0;
				PRODUCT_BUNDLE_IDENTIFIER = personal.robert.workshop.CoffeeMasters;
				PRODUCT_NAME = "$(TARGET_NAME)";
				SWIFT_EMIT_LOC_STRINGS = YES;
				SWIFT_VERSION = 5.0;
				TARGETED_DEVICE_FAMILY = 1;
			};
			name = Debug;
		};
		13DA091E287D6F420090A149 /* Release */ = {
			isa = XCBuildConfiguration;
			buildSettings = {
				ASSETCATALOG_COMPILER_APPICON_NAME = AppIcon;
				ASSETCATALOG_COMPILER_GLOBAL_ACCENT_COLOR_NAME = AccentColor;
				CODE_SIGN_STYLE = Automatic;
				CURRENT_PROJECT_VERSION = 1;
				DEVELOPMENT_ASSET_PATHS = "\"CoffeeMasters/Preview Content\"";
				DEVELOPMENT_TEAM = J2R8369RD3;
				ENABLE_PREVIEWS = YES;
				GENERATE_INFOPLIST_FILE = YES;
				INFOPLIST_KEY_UIApplicationSceneManifest_Generation = YES;
				INFOPLIST_KEY_UIApplicationSupportsIndirectInputEvents = YES;
				INFOPLIST_KEY_UILaunchScreen_Generation = YES;
				INFOPLIST_KEY_UISupportedInterfaceOrientations_iPad = "UIInterfaceOrientationPortrait UIInterfaceOrientationPortraitUpsideDown UIInterfaceOrientationLandscapeLeft UIInterfaceOrientationLandscapeRight";
				INFOPLIST_KEY_UISupportedInterfaceOrientations_iPhone = "UIInterfaceOrientationPortrait UIInterfaceOrientationLandscapeLeft UIInterfaceOrientationLandscapeRight";
				LD_RUNPATH_SEARCH_PATHS = (
					"$(inherited)",
					"@executable_path/Frameworks",
				);
				MARKETING_VERSION = 1.0;
				PRODUCT_BUNDLE_IDENTIFIER = personal.robert.workshop.CoffeeMasters;
				PRODUCT_NAME = "$(TARGET_NAME)";
				SWIFT_EMIT_LOC_STRINGS = YES;
				SWIFT_VERSION = 5.0;
				TARGETED_DEVICE_FAMILY = 1;
			};
			name = Release;
		};
/* End XCBuildConfiguration section */

/* Begin XCConfigurationList section */
		13DA0909287D6F3F0090A149 /* Build configuration list for PBXProject "CoffeeMasters" */ = {
			isa = XCConfigurationList;
			buildConfigurations = (
				13DA091A287D6F420090A149 /* Debug */,
				13DA091B287D6F420090A149 /* Release */,
			);
			defaultConfigurationIsVisible = 0;
			defaultConfigurationName = Release;
		};
		13DA091C287D6F420090A149 /* Build configuration list for PBXNativeTarget "CoffeeMasters" */ = {
			isa = XCConfigurationList;
			buildConfigurations = (
				13DA091D287D6F420090A149 /* Debug */,
				13DA091E287D6F420090A149 /* Release */,
			);
			defaultConfigurationIsVisible = 0;
			defaultConfigurationName = Release;
		};
/* End XCConfigurationList section */

/* Begin XCRemoteSwiftPackageReference section */
		13072A43288430FB0005A626 /* XCRemoteSwiftPackageReference "Alamofire" */ = {
			isa = XCRemoteSwiftPackageReference;
			repositoryURL = "https://github.com/Alamofire/Alamofire.git";
			requirement = {
				kind = upToNextMajorVersion;
				minimumVersion = 5.0.0;
			};
		};
/* End XCRemoteSwiftPackageReference section */

/* Begin XCSwiftPackageProductDependency section */
		13072A44288430FB0005A626 /* Alamofire */ = {
			isa = XCSwiftPackageProductDependency;
			package = 13072A43288430FB0005A626 /* XCRemoteSwiftPackageReference "Alamofire" */;
			productName = Alamofire;
		};
/* End XCSwiftPackageProductDependency section */
	};
	rootObject = 13DA0906287D6F3F0090A149 /* Project object */;
}
